
Microsoft Visual Studio Solution File, Format Version 12.00
# Visual Studio Version 17
VisualStudioVersion = 17.11.35208.52
MinimumVisualStudioVersion = 10.0.40219.1
Project("{FAE04EC0-301F-11D3-BF4B-00C04F79EFBC}") = "DataConsumerService", "DataConsumerService\DataConsumerService.csproj", "{255187FA-CEF9-4020-9B8C-5AE18F846161}"
EndProject
Global
	GlobalSection(SolutionConfigurationPlatforms) = preSolution
		Debug|Any CPU = Debug|Any CPU
		Release|Any CPU = Release|Any CPU
	EndGlobalSection
	GlobalSection(ProjectConfigurationPlatforms) = postSolution
		{255187FA-CEF9-4020-9B8C-5AE18F846161}.Debug|Any CPU.ActiveCfg = Debug|Any CPU
		{255187FA-CEF9-4020-9B8C-5AE18F846161}.Debug|Any CPU.Build.0 = Debug|Any CPU
		{255187FA-CEF9-4020-9B8C-5AE18F846161}.Release|Any CPU.ActiveCfg = Release|Any CPU
		{255187FA-CEF9-4020-9B8C-5AE18F846161}.Release|Any CPU.Build.0 = Release|Any CPU
	EndGlobalSection
	GlobalSection(SolutionProperties) = preSolution
		HideSolutionNode = FALSE
	EndGlobalSection
	GlobalSection(ExtensibilityGlobals) = postSolution
		SolutionGuid = {4045979F-05FD-4260-8F6B-DB09682669DF}
	EndGlobalSection
EndGlobal
